
Microsoft Visual Studio Solution File, Format Version 12.00
# Visual Studio Version 16
VisualStudioVersion = 16.0.29709.97
MinimumVisualStudioVersion = 10.0.40219.1
Project("{9A19103F-16F7-4668-BE54-9A1E7A4F7556}") = "Horker.Data.Tests", "Horker.Data.Tests\Horker.Data.Tests.csproj", "{55113E39-5E2F-4707-AC7C-46301DB5EFA2}"
EndProject
Project("{9A19103F-16F7-4668-BE54-9A1E7A4F7556}") = "Horker.Data", "Horker.Data\Horker.Data.csproj", "{68260625-65C8-47CA-ADCD-2764A55F7796}"
EndProject
Global
	GlobalSection(SolutionConfigurationPlatforms) = preSolution
		Debug|Any CPU = Debug|Any CPU
		Debug|x64 = Debug|x64
		Release|Any CPU = Release|Any CPU
		Release|x64 = Release|x64
	EndGlobalSection
	GlobalSection(ProjectConfigurationPlatforms) = postSolution
		{55113E39-5E2F-4707-AC7C-46301DB5EFA2}.Debug|Any CPU.ActiveCfg = Debug|Any CPU
		{55113E39-5E2F-4707-AC7C-46301DB5EFA2}.Debug|Any CPU.Build.0 = Debug|Any CPU
		{55113E39-5E2F-4707-AC7C-46301DB5EFA2}.Debug|x64.ActiveCfg = Debug|Any CPU
		{55113E39-5E2F-4707-AC7C-46301DB5EFA2}.Debug|x64.Build.0 = Debug|Any CPU
		{55113E39-5E2F-4707-AC7C-46301DB5EFA2}.Release|Any CPU.ActiveCfg = Release|Any CPU
		{55113E39-5E2F-4707-AC7C-46301DB5EFA2}.Release|Any CPU.Build.0 = Release|Any CPU
		{55113E39-5E2F-4707-AC7C-46301DB5EFA2}.Release|x64.ActiveCfg = Release|Any CPU
		{55113E39-5E2F-4707-AC7C-46301DB5EFA2}.Release|x64.Build.0 = Release|Any CPU
		{68260625-65C8-47CA-ADCD-2764A55F7796}.Debug|Any CPU.ActiveCfg = Debug|Any CPU
		{68260625-65C8-47CA-ADCD-2764A55F7796}.Debug|Any CPU.Build.0 = Debug|Any CPU
		{68260625-65C8-47CA-ADCD-2764A55F7796}.Debug|x64.ActiveCfg = Debug|x64
		{68260625-65C8-47CA-ADCD-2764A55F7796}.Debug|x64.Build.0 = Debug|x64
		{68260625-65C8-47CA-ADCD-2764A55F7796}.Release|Any CPU.ActiveCfg = Release|Any CPU
		{68260625-65C8-47CA-ADCD-2764A55F7796}.Release|Any CPU.Build.0 = Release|Any CPU
		{68260625-65C8-47CA-ADCD-2764A55F7796}.Release|x64.ActiveCfg = Release|x64
		{68260625-65C8-47CA-ADCD-2764A55F7796}.Release|x64.Build.0 = Release|x64
	EndGlobalSection
	GlobalSection(SolutionProperties) = preSolution
		HideSolutionNode = FALSE
	EndGlobalSection
	GlobalSection(ExtensibilityGlobals) = postSolution
		SolutionGuid = {C9C90415-35AA-4028-8C28-5AE5BDFF44E1}
	EndGlobalSection
EndGlobal
